
Microsoft Visual Studio Solution File, Format Version 12.00
# Visual Studio 15
VisualStudioVersion = 15.0.28307.102
MinimumVisualStudioVersion = 10.0.40219.1
Project("{FAE04EC0-301F-11D3-BF4B-00C04F79EFBC}") = "Battleship field validator", "Battleship field validator.csproj", "{BE7121CF-ECEB-4546-A0CB-A1CFB07EE133}"
EndProject
Global
	GlobalSection(SolutionConfigurationPlatforms) = preSolution
		Debug|Any CPU = Debug|Any CPU
		Release|Any CPU = Release|Any CPU
	EndGlobalSection
	GlobalSection(ProjectConfigurationPlatforms) = postSolution
		{BE7121CF-ECEB-4546-A0CB-A1CFB07EE133}.Debug|Any CPU.ActiveCfg = Debug|Any CPU
		{BE7121CF-ECEB-4546-A0CB-A1CFB07EE133}.Debug|Any CPU.Build.0 = Debug|Any CPU
		{BE7121CF-ECEB-4546-A0CB-A1CFB07EE133}.Release|Any CPU.ActiveCfg = Release|Any CPU
		{BE7121CF-ECEB-4546-A0CB-A1CFB07EE133}.Release|Any CPU.Build.0 = Release|Any CPU
	EndGlobalSection
	GlobalSection(SolutionProperties) = preSolution
		HideSolutionNode = FALSE
	EndGlobalSection
	GlobalSection(ExtensibilityGlobals) = postSolution
		SolutionGuid = {F5EE2E0F-CAF0-4475-AD1E-E8887508A097}
	EndGlobalSection
EndGlobal
