
Microsoft Visual Studio Solution File, Format Version 12.00
# Visual Studio Version 16
VisualStudioVersion = 16.0.30320.27
MinimumVisualStudioVersion = 10.0.40219.1
Project("{FAE04EC0-301F-11D3-BF4B-00C04F79EFBC}") = "Perimeter of squares in a rectangle", "Perimeter of squares in a rectangle.csproj", "{96277442-99C3-49E4-97C7-4A63E0CD62F5}"
EndProject
Global
	GlobalSection(SolutionConfigurationPlatforms) = preSolution
		Debug|Any CPU = Debug|Any CPU
		Release|Any CPU = Release|Any CPU
	EndGlobalSection
	GlobalSection(ProjectConfigurationPlatforms) = postSolution
		{96277442-99C3-49E4-97C7-4A63E0CD62F5}.Debug|Any CPU.ActiveCfg = Debug|Any CPU
		{96277442-99C3-49E4-97C7-4A63E0CD62F5}.Debug|Any CPU.Build.0 = Debug|Any CPU
		{96277442-99C3-49E4-97C7-4A63E0CD62F5}.Release|Any CPU.ActiveCfg = Release|Any CPU
		{96277442-99C3-49E4-97C7-4A63E0CD62F5}.Release|Any CPU.Build.0 = Release|Any CPU
	EndGlobalSection
	GlobalSection(SolutionProperties) = preSolution
		HideSolutionNode = FALSE
	EndGlobalSection
	GlobalSection(ExtensibilityGlobals) = postSolution
		SolutionGuid = {F52600E1-ABE8-4F14-A384-E656BE2D8BE0}
	EndGlobalSection
EndGlobal
